{
    "_meta": {
        "hash": {
            "sha256": "775dc298007b9ceedd0a9d2e3b4b5b9cb5d11d5db3ed0700e30ed1e646459e45"
        },
        "pipfile-spec": 6,
        "requires": {},
        "sources": [
            {
                "name": "pypi",
                "url": "https://pypi.python.org/simple",
                "verify_ssl": true
            }
        ]
    },
    "default": {
        "asks": {
            "hashes": [
                "sha256:d67aecaa02d0c67fa761dfdb23854391e6996c6045fb9385b1f508b0956a190d"
            ],
            "version": "==2.2.1"
        },
        "async-generator": {
            "hashes": [
                "sha256:01c7bf666359b4967d2cda0000cc2e4af16a0ae098cbffcb8472fb9e8ad6585b",
                "sha256:6ebb3d106c12920aaae42ccb6f787ef5eefdcdd166ea3d628fa8476abe712144"
            ],
            "version": "==1.10"
        },
        "attrs": {
            "hashes": [
                "sha256:10cbf6e27dbce8c30807caf056c8eb50917e0eaafe86347671b57254006c3e69",
                "sha256:ca4be454458f9dec299268d472aaa5a11f67a4ff70093396e1ceae9c76cf4bbb"
            ],
            "version": "==18.2.0"
        },
        "click": {
            "hashes": [
                "sha256:2335065e6395b9e67ca716de5f7526736bfa6ceead690adf616d925bdc622b13",
                "sha256:5b94b49521f6456670fdb30cd82a4eca9412788a93fa6dd6df72c94d5a8ff2d7"
            ],
            "version": "==7.0"
        },
        "colorlog": {
            "hashes": [
                "sha256:3cf31b25cbc8f86ec01fef582ef3b840950dea414084ed19ab922c8b493f9b42",
                "sha256:450f52ea2a2b6ebb308f034ea9a9b15cea51e65650593dca1da3eb792e4e4981"
            ],
            "version": "==4.0.2"
        },
        "cython": {
            "hashes": [
                "sha256:0154d3eead9432dfbef489fecf3a9d9202da0ab4966b796c319c4a3048ff2c03",
                "sha256:0355e23994919a6abfce3b9493062f69317f2057560bde694493fa18306b7824",
                "sha256:06c0c1332ce36bb6feb6c3590cd72c0b4fa59b34202b1975d484319595e2a548",
                "sha256:0970fc905136b520a7595e1d43ff465a8ab24103ac54da801f9bb25be940bb5b",
                "sha256:1242351548eeb2c99ca2958fa2eebae08fc361f30d56588ff4f28cdb63a440c1",
                "sha256:17a573b551aa34878eba7e0b34a774b18e4b2b35943b2e7d2ae0a31ac5446e39",
                "sha256:28025cd1d36df61257646d97325046ee894118e267a49d19fd321fbca413c3df",
                "sha256:37d1d560d49985b87629785cf9971add6dd621fc9db1505a5811dcb0feb34a94",
                "sha256:3f6ed611cf01e7bbd852bb4f77bea05f0fcca0556926aa0de21a20f719c4abc5",
                "sha256:5254de3aecc883d89243f37da74ceff70d9bf459b94ad816f889c794a51a3e76",
                "sha256:54484d6b3c102c1e52ebb5dbcee4b7b42efae96ac3d1a2e1d640acab8d7c6fbe",
                "sha256:6760738fab5d44e3615fb4c3a12dd5b766850e79dc1bd2ecb4c1df361871f1c3",
                "sha256:69c3cd2fe8c2db18a2042aaeb8b3bb0a9ea214c1612c8431fab0acb5ed434b07",
                "sha256:73d3e28f9fb445bf67cc753c826e63ce9c3308d62d7e642dfb8cc3556f3ac685",
                "sha256:74763f2ac133aabb1a8260ff00303571b91b7c866e0bbcd05159dc72a67f9911",
                "sha256:764049a11173b2039674879b1be0d73e2288af4fc1ad8177aa99cdc0de335b31",
                "sha256:9d5290d749099a8e446422adfb0aa2142c711284800fb1eb70f595101e32cbf1",
                "sha256:a12a83d72aa1298236b63c1d5e95de6230c634cc9c3eb06be51c67f88ccedd92",
                "sha256:aa83ce29f04c3d83d51863819281be8bf35d22ae1b8fba9a32cd8a84cd471998",
                "sha256:ab3d291304c4e4160276533d3e4e36380ba18dacf2c8d6573980f2ef168f3afb",
                "sha256:b1b4ffcb39e77e29862e23d3a25a7c307cac85c8d0654d51547059c053060fc5",
                "sha256:c0ef97e126831ec8ae616c5a4d9b321b6e792cf48a1bf473fd6555226c91839f",
                "sha256:c15c3fe45855d985922c0f74f8c282b126b3458d5662c4875ae0d088d12b7c3f",
                "sha256:cdafe6f7f7dd32ce79b9d5dade7045de7c89d747bce4804f41be84027dc23312",
                "sha256:d4d9a9531d3f5990f2f043288359c83527ab927ef4ad9c55a831166d68a53baa",
                "sha256:f5722b4eb8052405c314dfae8a1a6e27ee493d051354c53f1ceb8f4e1fd3f075",
                "sha256:f581171b9c3b4d5048ce64634b210bfccec06ef3a7422f1807a2a8de31a3c075",
                "sha256:f8971da715deda1670e2383185c0c2a1ea819fb17221953f4d0c20d0f14ef24d"
            ],
            "index": "pypi",
            "version": "==0.29.5"
        },
        "e1839a8": {
            "editable": true,
            "path": "."
        },
        "fancycompleter": {
            "hashes": [
                "sha256:d2522f1f3512371f295379c4c0d1962de06762eb586c199620a2a5d423539b12"
            ],
            "version": "==0.8"
        },
        "h11": {
            "hashes": [
                "sha256:acca6a44cb52a32ab442b1779adf0875c443c689e9e028f8d831a3769f9c5208",
                "sha256:f2b1ca39bfed357d1f19ac732913d5f9faa54a5062eca7d2ec3a916cfb7ae4c7"
            ],
            "version": "==0.8.1"
        },
        "idna": {
            "hashes": [
                "sha256:c357b3f628cf53ae2c4c05627ecc484553142ca23264e593d327bcde5e9c3407",
                "sha256:ea8b7f6188e6fa117537c3df7da9fc686d485087abf6ac197f9c46432f7e4a3c"
            ],
            "version": "==2.8"
        },
        "kivy": {
            "git": "git://github.com/matham/kivy.git",
            "ref": "4f62d0d8754ae2b590b44573200ea07b983f0f7b"
        },
        "msgpack": {
            "hashes": [
                "sha256:26cb40116111c232bc235ce131cc3b4e76549088cb154e66a2eb8ff6fcc907ec",
                "sha256:300fd3f2c664a3bf473d6a952f843b4a71454f4c592ed7e74a36b205c1782d28",
                "sha256:3129c355342853007de4a2a86e75eab966119733eb15748819b6554363d4e85c",
                "sha256:31f6d645ee5a97d59d3263fab9e6be76f69fa131cddc0d94091a3c8aca30d67a",
                "sha256:3ce7ef7ee2546c3903ca8c934d09250531b80c6127e6478781ae31ed835aac4c",
                "sha256:4008c72f5ef2b7936447dcb83db41d97e9791c83221be13d5e19db0796df1972",
                "sha256:62bd8e43d204580308d477a157b78d3fee2fb4c15d32578108dc5d89866036c8",
                "sha256:70cebfe08fb32f83051971264466eadf183101e335d8107b80002e632f425511",
                "sha256:72cb7cf85e9df5251abd7b61a1af1fb77add15f40fa7328e924a9c0b6bc7a533",
                "sha256:7c55649965c35eb32c499d17dadfb8f53358b961582846e1bc06f66b9bccc556",
                "sha256:86b963a5de11336ec26bc4f839327673c9796b398b9f1fe6bb6150c2a5d00f0f",
                "sha256:8c73c9bcdfb526247c5e4f4f6cf581b9bb86b388df82cfcaffde0a6e7bf3b43a",
                "sha256:8e68c76c6aff4849089962d25346d6784d38e02baa23ffa513cf46be72e3a540",
                "sha256:97ac6b867a8f63debc64f44efdc695109d541ecc361ee2dce2c8884ab37360a1",
                "sha256:9d4f546af72aa001241d74a79caec278bcc007b4bcde4099994732e98012c858",
                "sha256:a28e69fe5468c9f5251c7e4e7232286d71b7dfadc74f312006ebe984433e9746",
                "sha256:fd509d4aa95404ce8d86b4e32ce66d5d706fd6646c205e1c2a715d87078683a2"
            ],
            "index": "pypi",
            "version": "==0.6.1"
        },
        "multio": {
            "hashes": [
                "sha256:fdcd9bd48d053da9f44b1ca56c2f7cf0902d4eb76b41cf16b684166d7180f79f"
            ],
            "version": "==0.2.5"
        },
        "numpy": {
            "hashes": [
                "sha256:0cdbbaa30ae69281b18dd995d3079c4e552ad6d5426977f66b9a2a95f11f552a",
                "sha256:2b0cca1049bd39d1879fa4d598624cafe82d35529c72de1b3d528d68031cdd95",
                "sha256:31d3fe5b673e99d33d70cfee2ea8fe8dccd60f265c3ed990873a88647e3dd288",
                "sha256:34dd4922aab246c39bf5df03ca653d6265e65971deca6784c956bf356bca6197",
                "sha256:384e2dfa03da7c8d54f8f934f61b6a5e4e1ebb56a65b287567629d6c14578003",
                "sha256:392e2ea22b41a22c0289a88053204b616181288162ba78e6823e1760309d5277",
                "sha256:4341a39fc085f31a583be505eabf00e17c619b469fef78dc7e8241385bfddaa4",
                "sha256:45080f065dcaa573ebecbfe13cdd86e8c0a68c4e999aa06bd365374ea7137706",
                "sha256:485cb1eb4c9962f4cd042fed9424482ec1d83fee5dc2ef3f2552ac47852cb259",
                "sha256:575cefd28d3e0da85b0864506ae26b06483ee4a906e308be5a7ad11083f9d757",
                "sha256:62784b35df7de7ca4d0d81c5b6af5983f48c5cdef32fc3635b445674e56e3266",
                "sha256:69c152f7c11bf3b4fc11bc4cc62eb0334371c0db6844ebace43b7c815b602805",
                "sha256:6ccfdcefd287f252cf1ea7a3f1656070da330c4a5658e43ad223269165cdf977",
                "sha256:7298fbd73c0b3eff1d53dc9b9bdb7add8797bb55eeee38c8ccd7906755ba28af",
                "sha256:79463d918d1bf3aeb9186e3df17ddb0baca443f41371df422f99ee94f4f2bbfe",
                "sha256:8bbee788d82c0ac656536de70e817af09b7694f5326b0ef08e5c1014fcb96bb3",
                "sha256:a863957192855c4c57f60a75a1ac06ce5362ad18506d362dd807e194b4baf3ce",
                "sha256:ae602ba425fb2b074e16d125cdce4f0194903da935b2e7fe284ebecca6d92e76",
                "sha256:b13faa258b20fa66d29011f99fdf498641ca74a0a6d9266bc27d83c70fea4a6a",
                "sha256:c2c39d69266621dd7464e2bb740d6eb5abc64ddc339cc97aa669f3bb4d75c103",
                "sha256:e9c88f173d31909d881a60f08a8494e63f1aff2a4052476b24d4f50e82c47e24",
                "sha256:f1a29267ac29fff0913de0f11f3a9edfcd3f39595f467026c29376fad243ebe3",
                "sha256:f69dde0c5a137d887676a8129373e44366055cf19d1b434e853310c7a1e68f93"
            ],
            "version": "==1.16.1"
        },
        "outcome": {
            "hashes": [
                "sha256:7357af9ba2a08fdff8c742818909c5d146fc1fe75aee4bddadaa4f8ad726d262",
                "sha256:9d58c05db36a900ce60c6da0167d76e28869f64b338d60fa3a61841cfa54ac71"
            ],
            "version": "==1.0.0"
        },
        "pandas": {
            "hashes": [
                "sha256:02c830f951f3dc8c3164e2639a8961881390f7492f71a7835c2330f54539ad57",
                "sha256:179015834c72a577486337394493cc2969feee9a04a2ea09f50c724e4b52ab42",
                "sha256:3894960d43c64cfea5142ac783b101362f5008ee92e962392156a3f8d1558995",
                "sha256:435821cb2501eabbcee7e83614bd710940dc0cf28b5afbc4bdb816c31cec71af",
                "sha256:8294dea9aa1811f93558702856e3b68dd1dfd7e9dbc8e0865918a07ee0f21c2c",
                "sha256:844e745ab27a9a01c86925fe776f9d2e09575e65f0bf8eba5090edddd655dffc",
                "sha256:a08d49f5fa2a2243262fe5581cb89f6c0c7cc525b8d6411719ab9400a9dc4a82",
                "sha256:a435c251246075337eb9fdc4160fd15c8a87cc0679d8d61fb5255d8d5a12f044",
                "sha256:a799f03c0ec6d8687f425d7d6c075e8055a9a808f1ba87604d91f20507631d8d",
                "sha256:aea72ce5b3a016b578cc05c04a2f68d9cafacf5d784b6fe832e66381cb62c719",
                "sha256:c145e94c6da2af7eaf1fd827293ac1090a61a9b80150bebe99f8966a02378db9",
                "sha256:c8a7b470c88c779301b73b23cabdbbd94b83b93040b2ccffa409e06df23831c0",
                "sha256:c9e31b36abbd7b94c547d9047f13e1546e3ba967044cf4f9718575fcb7b81bb6",
                "sha256:d960b7a03c33c328c723cfc2f8902a6291645f4efa0a5c1d4c5fa008cdc1ea77",
                "sha256:da21fae4c173781b012217c9444f13c67449957a4d45184a9718268732c09564",
                "sha256:db26c0fea0bd7d33c356da98bafd2c0dfb8f338e45e2824ff8f4f3e61b5c5f25",
                "sha256:dc296c3f16ec620cfb4daf0f672e3c90f3920ece8261b2760cd0ebd9cd4daa55",
                "sha256:e8da67cb2e9333ec30d53cfb96e27a4865d1648688e5471699070d35d8ab38cf",
                "sha256:fb4f047a63f91f22aade4438aaf790400b96644e802daab4293e9b799802f93f",
                "sha256:fef9939176cba0c2526ebeefffb8b9807543dc0954877b7226f751ec1294a869"
            ],
            "version": "==0.24.1"
        },
        "pdbpp": {
            "hashes": [
                "sha256:438bb2c885e40e9dcf649d9b598e4fe30fd1e3558c89a6ad3f447a9839a04e9f"
            ],
            "index": "pypi",
            "version": "==0.9.6"
        },
        "pygments": {
            "hashes": [
                "sha256:5ffada19f6203563680669ee7f53b64dabbeb100eb51b61996085e99c03b284a",
                "sha256:e8218dd399a61674745138520d0d4cf2621d7e032439341bc3f647bff125818d"
            ],
            "version": "==2.3.1"
        },
        "python-dateutil": {
            "hashes": [
                "sha256:7e6584c74aeed623791615e26efd690f29817a27c73085b78e4bad02493df2fb",
                "sha256:c89805f6f4d64db21ed966fda138f8a5ed7a4fdbc1a8ee329ce1b74e3c74da9e"
            ],
            "version": "==2.8.0"
        },
        "pytz": {
            "hashes": [
                "sha256:32b0891edff07e28efe91284ed9c31e123d84bea3fd98e1f72be2508f43ef8d9",
                "sha256:d5f05e487007e29e03409f9398d074e158d920d36eb82eaf66fb1136b0c5374c"
            ],
            "version": "==2018.9"
        },
        "six": {
            "hashes": [
                "sha256:3350809f0555b11f552448330d0b52d5f24c91a322ea4a15ef22629740f3761c",
                "sha256:d16a0141ec1a18405cd4ce8b4613101da75da0e9a7aec5bdd4fa804d0e0eba73"
            ],
            "version": "==1.12.0"
        },
        "sniffio": {
            "hashes": [
                "sha256:2e9b81429e3b7c9e119fcee2673ee3be3229982adc68b3f59317863aba05ebb7",
                "sha256:afb4997584a920e6e378a81ded2b3e71a696b85a68c4bfbe4dadf1ba57a9ef45"
            ],
            "version": "==1.0.0"
        },
        "sortedcontainers": {
            "hashes": [
                "sha256:974e9a32f56b17c1bac2aebd9dcf197f3eb9cd30553c5852a3187ad162e1a03a",
                "sha256:d9e96492dd51fae31e60837736b38fe42a187b5404c16606ff7ee7cd582d4c60"
            ],
            "version": "==2.1.0"
        },
        "tractor": {
            "git": "git://github.com/tgoodlet/tractor.git",
            "ref": "a927966170ea092be003b72029ca5d432c5e6239"
        },
        "trio": {
            "hashes": [
                "sha256:3796774aedbf5be581c68f98c79b565654876de6e9a01c6a95e3ec6cd4e4b4c3",
                "sha256:b0c03d312c300a947e54e204be88255992434e824374b7d3cc886876dab9a542"
            ],
            "index": "pypi",
            "version": "==0.11.0"
        },
        "wmctrl": {
            "hashes": [
                "sha256:d806f65ac1554366b6e31d29d7be2e8893996c0acbb2824bbf2b1f49cf628a13"
            ],
            "version": "==0.3"
        }
    },
    "develop": {
        "asks": {
            "hashes": [
                "sha256:d67aecaa02d0c67fa761dfdb23854391e6996c6045fb9385b1f508b0956a190d"
            ],
            "version": "==2.2.1"
        },
        "async-generator": {
            "hashes": [
                "sha256:01c7bf666359b4967d2cda0000cc2e4af16a0ae098cbffcb8472fb9e8ad6585b",
                "sha256:6ebb3d106c12920aaae42ccb6f787ef5eefdcdd166ea3d628fa8476abe712144"
            ],
            "version": "==1.10"
        },
        "atomicwrites": {
            "hashes": [
                "sha256:03472c30eb2c5d1ba9227e4c2ca66ab8287fbfbbda3888aa93dc2e28fc6811b4",
                "sha256:75a9445bac02d8d058d5e1fe689654ba5a6556a1dfd8ce6ec55a0ed79866cfa6"
            ],
            "version": "==1.3.0"
        },
        "attrs": {
            "hashes": [
                "sha256:10cbf6e27dbce8c30807caf056c8eb50917e0eaafe86347671b57254006c3e69",
                "sha256:ca4be454458f9dec299268d472aaa5a11f67a4ff70093396e1ceae9c76cf4bbb"
            ],
            "version": "==18.2.0"
        },
        "click": {
            "hashes": [
                "sha256:2335065e6395b9e67ca716de5f7526736bfa6ceead690adf616d925bdc622b13",
                "sha256:5b94b49521f6456670fdb30cd82a4eca9412788a93fa6dd6df72c94d5a8ff2d7"
            ],
            "version": "==7.0"
        },
        "colorlog": {
            "hashes": [
                "sha256:3cf31b25cbc8f86ec01fef582ef3b840950dea414084ed19ab922c8b493f9b42",
                "sha256:450f52ea2a2b6ebb308f034ea9a9b15cea51e65650593dca1da3eb792e4e4981"
            ],
            "version": "==4.0.2"
        },
        "cython": {
            "hashes": [
                "sha256:0154d3eead9432dfbef489fecf3a9d9202da0ab4966b796c319c4a3048ff2c03",
                "sha256:0355e23994919a6abfce3b9493062f69317f2057560bde694493fa18306b7824",
                "sha256:06c0c1332ce36bb6feb6c3590cd72c0b4fa59b34202b1975d484319595e2a548",
                "sha256:0970fc905136b520a7595e1d43ff465a8ab24103ac54da801f9bb25be940bb5b",
                "sha256:1242351548eeb2c99ca2958fa2eebae08fc361f30d56588ff4f28cdb63a440c1",
                "sha256:17a573b551aa34878eba7e0b34a774b18e4b2b35943b2e7d2ae0a31ac5446e39",
                "sha256:28025cd1d36df61257646d97325046ee894118e267a49d19fd321fbca413c3df",
                "sha256:37d1d560d49985b87629785cf9971add6dd621fc9db1505a5811dcb0feb34a94",
                "sha256:3f6ed611cf01e7bbd852bb4f77bea05f0fcca0556926aa0de21a20f719c4abc5",
                "sha256:5254de3aecc883d89243f37da74ceff70d9bf459b94ad816f889c794a51a3e76",
                "sha256:54484d6b3c102c1e52ebb5dbcee4b7b42efae96ac3d1a2e1d640acab8d7c6fbe",
                "sha256:6760738fab5d44e3615fb4c3a12dd5b766850e79dc1bd2ecb4c1df361871f1c3",
                "sha256:69c3cd2fe8c2db18a2042aaeb8b3bb0a9ea214c1612c8431fab0acb5ed434b07",
                "sha256:73d3e28f9fb445bf67cc753c826e63ce9c3308d62d7e642dfb8cc3556f3ac685",
                "sha256:74763f2ac133aabb1a8260ff00303571b91b7c866e0bbcd05159dc72a67f9911",
                "sha256:764049a11173b2039674879b1be0d73e2288af4fc1ad8177aa99cdc0de335b31",
                "sha256:9d5290d749099a8e446422adfb0aa2142c711284800fb1eb70f595101e32cbf1",
                "sha256:a12a83d72aa1298236b63c1d5e95de6230c634cc9c3eb06be51c67f88ccedd92",
                "sha256:aa83ce29f04c3d83d51863819281be8bf35d22ae1b8fba9a32cd8a84cd471998",
                "sha256:ab3d291304c4e4160276533d3e4e36380ba18dacf2c8d6573980f2ef168f3afb",
                "sha256:b1b4ffcb39e77e29862e23d3a25a7c307cac85c8d0654d51547059c053060fc5",
                "sha256:c0ef97e126831ec8ae616c5a4d9b321b6e792cf48a1bf473fd6555226c91839f",
                "sha256:c15c3fe45855d985922c0f74f8c282b126b3458d5662c4875ae0d088d12b7c3f",
                "sha256:cdafe6f7f7dd32ce79b9d5dade7045de7c89d747bce4804f41be84027dc23312",
                "sha256:d4d9a9531d3f5990f2f043288359c83527ab927ef4ad9c55a831166d68a53baa",
                "sha256:f5722b4eb8052405c314dfae8a1a6e27ee493d051354c53f1ceb8f4e1fd3f075",
                "sha256:f581171b9c3b4d5048ce64634b210bfccec06ef3a7422f1807a2a8de31a3c075",
                "sha256:f8971da715deda1670e2383185c0c2a1ea819fb17221953f4d0c20d0f14ef24d"
            ],
            "index": "pypi",
            "version": "==0.29.5"
        },
        "fancycompleter": {
            "hashes": [
                "sha256:d2522f1f3512371f295379c4c0d1962de06762eb586c199620a2a5d423539b12"
            ],
            "version": "==0.8"
        },
        "h11": {
            "hashes": [
                "sha256:acca6a44cb52a32ab442b1779adf0875c443c689e9e028f8d831a3769f9c5208",
                "sha256:f2b1ca39bfed357d1f19ac732913d5f9faa54a5062eca7d2ec3a916cfb7ae4c7"
            ],
            "version": "==0.8.1"
        },
        "idna": {
            "hashes": [
                "sha256:c357b3f628cf53ae2c4c05627ecc484553142ca23264e593d327bcde5e9c3407",
                "sha256:ea8b7f6188e6fa117537c3df7da9fc686d485087abf6ac197f9c46432f7e4a3c"
            ],
            "version": "==2.8"
        },
        "more-itertools": {
            "hashes": [
                "sha256:0125e8f60e9e031347105eb1682cef932f5e97d7b9a1a28d9bf00c22a5daef40",
                "sha256:590044e3942351a1bdb1de960b739ff4ce277960f2425ad4509446dbace8d9d1"
            ],
            "markers": "python_version > '2.7'",
            "version": "==6.0.0"
        },
        "msgpack": {
            "hashes": [
                "sha256:26cb40116111c232bc235ce131cc3b4e76549088cb154e66a2eb8ff6fcc907ec",
                "sha256:300fd3f2c664a3bf473d6a952f843b4a71454f4c592ed7e74a36b205c1782d28",
                "sha256:3129c355342853007de4a2a86e75eab966119733eb15748819b6554363d4e85c",
                "sha256:31f6d645ee5a97d59d3263fab9e6be76f69fa131cddc0d94091a3c8aca30d67a",
                "sha256:3ce7ef7ee2546c3903ca8c934d09250531b80c6127e6478781ae31ed835aac4c",
                "sha256:4008c72f5ef2b7936447dcb83db41d97e9791c83221be13d5e19db0796df1972",
                "sha256:62bd8e43d204580308d477a157b78d3fee2fb4c15d32578108dc5d89866036c8",
                "sha256:70cebfe08fb32f83051971264466eadf183101e335d8107b80002e632f425511",
                "sha256:72cb7cf85e9df5251abd7b61a1af1fb77add15f40fa7328e924a9c0b6bc7a533",
                "sha256:7c55649965c35eb32c499d17dadfb8f53358b961582846e1bc06f66b9bccc556",
                "sha256:86b963a5de11336ec26bc4f839327673c9796b398b9f1fe6bb6150c2a5d00f0f",
                "sha256:8c73c9bcdfb526247c5e4f4f6cf581b9bb86b388df82cfcaffde0a6e7bf3b43a",
                "sha256:8e68c76c6aff4849089962d25346d6784d38e02baa23ffa513cf46be72e3a540",
                "sha256:97ac6b867a8f63debc64f44efdc695109d541ecc361ee2dce2c8884ab37360a1",
                "sha256:9d4f546af72aa001241d74a79caec278bcc007b4bcde4099994732e98012c858",
                "sha256:a28e69fe5468c9f5251c7e4e7232286d71b7dfadc74f312006ebe984433e9746",
                "sha256:fd509d4aa95404ce8d86b4e32ce66d5d706fd6646c205e1c2a715d87078683a2"
            ],
            "index": "pypi",
            "version": "==0.6.1"
        },
        "multio": {
            "hashes": [
                "sha256:fdcd9bd48d053da9f44b1ca56c2f7cf0902d4eb76b41cf16b684166d7180f79f"
            ],
            "version": "==0.2.5"
        },
        "numpy": {
            "hashes": [
                "sha256:0cdbbaa30ae69281b18dd995d3079c4e552ad6d5426977f66b9a2a95f11f552a",
                "sha256:2b0cca1049bd39d1879fa4d598624cafe82d35529c72de1b3d528d68031cdd95",
                "sha256:31d3fe5b673e99d33d70cfee2ea8fe8dccd60f265c3ed990873a88647e3dd288",
                "sha256:34dd4922aab246c39bf5df03ca653d6265e65971deca6784c956bf356bca6197",
                "sha256:384e2dfa03da7c8d54f8f934f61b6a5e4e1ebb56a65b287567629d6c14578003",
                "sha256:392e2ea22b41a22c0289a88053204b616181288162ba78e6823e1760309d5277",
                "sha256:4341a39fc085f31a583be505eabf00e17c619b469fef78dc7e8241385bfddaa4",
                "sha256:45080f065dcaa573ebecbfe13cdd86e8c0a68c4e999aa06bd365374ea7137706",
                "sha256:485cb1eb4c9962f4cd042fed9424482ec1d83fee5dc2ef3f2552ac47852cb259",
                "sha256:575cefd28d3e0da85b0864506ae26b06483ee4a906e308be5a7ad11083f9d757",
                "sha256:62784b35df7de7ca4d0d81c5b6af5983f48c5cdef32fc3635b445674e56e3266",
                "sha256:69c152f7c11bf3b4fc11bc4cc62eb0334371c0db6844ebace43b7c815b602805",
                "sha256:6ccfdcefd287f252cf1ea7a3f1656070da330c4a5658e43ad223269165cdf977",
                "sha256:7298fbd73c0b3eff1d53dc9b9bdb7add8797bb55eeee38c8ccd7906755ba28af",
                "sha256:79463d918d1bf3aeb9186e3df17ddb0baca443f41371df422f99ee94f4f2bbfe",
                "sha256:8bbee788d82c0ac656536de70e817af09b7694f5326b0ef08e5c1014fcb96bb3",
                "sha256:a863957192855c4c57f60a75a1ac06ce5362ad18506d362dd807e194b4baf3ce",
                "sha256:ae602ba425fb2b074e16d125cdce4f0194903da935b2e7fe284ebecca6d92e76",
                "sha256:b13faa258b20fa66d29011f99fdf498641ca74a0a6d9266bc27d83c70fea4a6a",
                "sha256:c2c39d69266621dd7464e2bb740d6eb5abc64ddc339cc97aa669f3bb4d75c103",
                "sha256:e9c88f173d31909d881a60f08a8494e63f1aff2a4052476b24d4f50e82c47e24",
                "sha256:f1a29267ac29fff0913de0f11f3a9edfcd3f39595f467026c29376fad243ebe3",
                "sha256:f69dde0c5a137d887676a8129373e44366055cf19d1b434e853310c7a1e68f93"
            ],
            "version": "==1.16.1"
        },
        "outcome": {
            "hashes": [
                "sha256:7357af9ba2a08fdff8c742818909c5d146fc1fe75aee4bddadaa4f8ad726d262",
                "sha256:9d58c05db36a900ce60c6da0167d76e28869f64b338d60fa3a61841cfa54ac71"
            ],
            "version": "==1.0.0"
        },
        "pandas": {
            "hashes": [
                "sha256:02c830f951f3dc8c3164e2639a8961881390f7492f71a7835c2330f54539ad57",
                "sha256:179015834c72a577486337394493cc2969feee9a04a2ea09f50c724e4b52ab42",
                "sha256:3894960d43c64cfea5142ac783b101362f5008ee92e962392156a3f8d1558995",
                "sha256:435821cb2501eabbcee7e83614bd710940dc0cf28b5afbc4bdb816c31cec71af",
                "sha256:8294dea9aa1811f93558702856e3b68dd1dfd7e9dbc8e0865918a07ee0f21c2c",
                "sha256:844e745ab27a9a01c86925fe776f9d2e09575e65f0bf8eba5090edddd655dffc",
                "sha256:a08d49f5fa2a2243262fe5581cb89f6c0c7cc525b8d6411719ab9400a9dc4a82",
                "sha256:a435c251246075337eb9fdc4160fd15c8a87cc0679d8d61fb5255d8d5a12f044",
                "sha256:a799f03c0ec6d8687f425d7d6c075e8055a9a808f1ba87604d91f20507631d8d",
                "sha256:aea72ce5b3a016b578cc05c04a2f68d9cafacf5d784b6fe832e66381cb62c719",
                "sha256:c145e94c6da2af7eaf1fd827293ac1090a61a9b80150bebe99f8966a02378db9",
                "sha256:c8a7b470c88c779301b73b23cabdbbd94b83b93040b2ccffa409e06df23831c0",
                "sha256:c9e31b36abbd7b94c547d9047f13e1546e3ba967044cf4f9718575fcb7b81bb6",
                "sha256:d960b7a03c33c328c723cfc2f8902a6291645f4efa0a5c1d4c5fa008cdc1ea77",
                "sha256:da21fae4c173781b012217c9444f13c67449957a4d45184a9718268732c09564",
                "sha256:db26c0fea0bd7d33c356da98bafd2c0dfb8f338e45e2824ff8f4f3e61b5c5f25",
                "sha256:dc296c3f16ec620cfb4daf0f672e3c90f3920ece8261b2760cd0ebd9cd4daa55",
                "sha256:e8da67cb2e9333ec30d53cfb96e27a4865d1648688e5471699070d35d8ab38cf",
                "sha256:fb4f047a63f91f22aade4438aaf790400b96644e802daab4293e9b799802f93f",
                "sha256:fef9939176cba0c2526ebeefffb8b9807543dc0954877b7226f751ec1294a869"
            ],
            "version": "==0.24.1"
        },
        "pdbpp": {
            "hashes": [
                "sha256:438bb2c885e40e9dcf649d9b598e4fe30fd1e3558c89a6ad3f447a9839a04e9f"
            ],
            "index": "pypi",
            "version": "==0.9.6"
        },
        "piker": {
            "editable": true,
            "path": "."
        },
        "pluggy": {
            "hashes": [
                "sha256:8ddc32f03971bfdf900a81961a48ccf2fb677cf7715108f85295c67405798616",
                "sha256:980710797ff6a041e9a73a5787804f848996ecaa6f8a1b1e08224a5894f2074a"
            ],
            "version": "==0.8.1"
        },
        "py": {
            "hashes": [
                "sha256:64f65755aee5b381cea27766a3a147c3f15b9b6b9ac88676de66ba2ae36793fa",
                "sha256:dc639b046a6e2cff5bbe40194ad65936d6ba360b52b3c3fe1d08a82dd50b5e53"
            ],
            "version": "==1.8.0"
        },
        "pygments": {
            "hashes": [
                "sha256:5ffada19f6203563680669ee7f53b64dabbeb100eb51b61996085e99c03b284a",
                "sha256:e8218dd399a61674745138520d0d4cf2621d7e032439341bc3f647bff125818d"
            ],
            "version": "==2.3.1"
        },
        "pytest": {
            "hashes": [
                "sha256:067a1d4bf827ffdd56ad21bd46674703fce77c5957f6c1eef731f6146bfcef1c",
                "sha256:9687049d53695ad45cf5fdc7bbd51f0c49f1ea3ecfc4b7f3fde7501b541f17f4"
            ],
            "index": "pypi",
            "version": "==4.3.0"
        },
        "python-dateutil": {
            "hashes": [
                "sha256:7e6584c74aeed623791615e26efd690f29817a27c73085b78e4bad02493df2fb",
                "sha256:c89805f6f4d64db21ed966fda138f8a5ed7a4fdbc1a8ee329ce1b74e3c74da9e"
            ],
            "version": "==2.8.0"
        },
        "pytz": {
            "hashes": [
                "sha256:32b0891edff07e28efe91284ed9c31e123d84bea3fd98e1f72be2508f43ef8d9",
                "sha256:d5f05e487007e29e03409f9398d074e158d920d36eb82eaf66fb1136b0c5374c"
            ],
            "version": "==2018.9"
        },
        "six": {
            "hashes": [
                "sha256:3350809f0555b11f552448330d0b52d5f24c91a322ea4a15ef22629740f3761c",
                "sha256:d16a0141ec1a18405cd4ce8b4613101da75da0e9a7aec5bdd4fa804d0e0eba73"
            ],
            "version": "==1.12.0"
        },
        "sniffio": {
            "hashes": [
                "sha256:2e9b81429e3b7c9e119fcee2673ee3be3229982adc68b3f59317863aba05ebb7",
                "sha256:afb4997584a920e6e378a81ded2b3e71a696b85a68c4bfbe4dadf1ba57a9ef45"
            ],
            "version": "==1.0.0"
        },
        "sortedcontainers": {
            "hashes": [
                "sha256:974e9a32f56b17c1bac2aebd9dcf197f3eb9cd30553c5852a3187ad162e1a03a",
                "sha256:d9e96492dd51fae31e60837736b38fe42a187b5404c16606ff7ee7cd582d4c60"
            ],
            "version": "==2.1.0"
        },
        "trio": {
            "hashes": [
                "sha256:3796774aedbf5be581c68f98c79b565654876de6e9a01c6a95e3ec6cd4e4b4c3",
                "sha256:b0c03d312c300a947e54e204be88255992434e824374b7d3cc886876dab9a542"
            ],
            "index": "pypi",
            "version": "==0.11.0"
        },
        "wmctrl": {
            "hashes": [
                "sha256:d806f65ac1554366b6e31d29d7be2e8893996c0acbb2824bbf2b1f49cf628a13"
            ],
            "version": "==0.3"
        }
    }
}
